{
  "version": 4,
  "terraform_version": "0.12.9",
  "serial": 111,
  "lineage": "8a018fa6-c3bc-10ec-ec8e-b41bf679d646",
  "outputs": {},
  "resources": [
    {
      "mode": "managed",
      "type": "google_compute_firewall",
      "name": "allow-8080",
      "provider": "provider.google",
      "instances": []
    },
    {
      "mode": "managed",
      "type": "google_compute_firewall",
      "name": "allow-http",
      "provider": "provider.google",
      "instances": []
    },
    {
      "mode": "managed",
      "type": "google_compute_firewall",
      "name": "allow-https",
      "provider": "provider.google",
      "instances": []
    },
    {
      "mode": "managed",
      "type": "google_compute_firewall",
      "name": "allow-icmp",
      "provider": "provider.google",
      "instances": []
    },
    {
      "mode": "managed",
      "type": "google_compute_firewall",
      "name": "allow-internal",
      "provider": "provider.google",
      "instances": []
    },
    {
      "mode": "managed",
      "type": "google_compute_firewall",
      "name": "allow-rdp",
      "provider": "provider.google",
      "instances": []
    },
    {
      "mode": "managed",
      "type": "google_compute_firewall",
      "name": "allow-ssh",
      "provider": "provider.google",
      "instances": []
    },
    {
      "mode": "managed",
      "type": "google_compute_instance",
      "name": "vm_instance_backend",
      "provider": "provider.google",
      "instances": []
    },
    {
      "mode": "managed",
      "type": "google_compute_instance",
      "name": "vm_instance_web",
      "provider": "provider.google",
      "instances": []
    },
    {
      "mode": "managed",
      "type": "google_compute_subnetwork",
      "name": "public_subnet_1",
      "provider": "provider.google",
      "instances": []
    },
    {
      "mode": "managed",
      "type": "random_id",
      "name": "instance_id",
      "provider": "provider.random",
      "instances": [
        {
          "schema_version": 0,
          "attributes": {
            "b64": "jUPf0Q",
            "b64_std": "jUPf0Q==",
            "b64_url": "jUPf0Q",
            "byte_length": 4,
            "dec": "2370035665",
            "hex": "8d43dfd1",
            "id": "jUPf0Q",
            "keepers": null,
            "prefix": null
          },
          "private": "bnVsbA=="
        }
      ]
    },
    {
      "mode": "managed",
      "type": "random_id",
      "name": "instance_id_web",
      "provider": "provider.random",
      "instances": [
        {
          "schema_version": 0,
          "attributes": {
            "b64": "ELAhPQ",
            "b64_std": "ELAhPQ==",
            "b64_url": "ELAhPQ",
            "byte_length": 4,
            "dec": "279978301",
            "hex": "10b0213d",
            "id": "ELAhPQ",
            "keepers": null,
            "prefix": null
          },
          "private": "bnVsbA=="
        }
      ]
    }
  ]
}
